// !$*UTF8*$!
{
	archiveVersion = 1;
	classes = {
	};
	objectVersion = 50;
	objects = {

/* Begin PBXBuildFile section */
		9265297525C802D400D1823A /* AppDelegate.m in Sources */ = {isa = PBXBuildFile; fileRef = 9265297425C802D400D1823A /* AppDelegate.m */; };
		9265297825C802D400D1823A /* SceneDelegate.m in Sources */ = {isa = PBXBuildFile; fileRef = 9265297725C802D400D1823A /* SceneDelegate.m */; };
		9265297B25C802D400D1823A /* ViewControllerA.m in Sources */ = {isa = PBXBuildFile; fileRef = 9265297A25C802D400D1823A /* ViewControllerA.m */; };
		9265297E25C802D400D1823A /* Main.storyboard in Resources */ = {isa = PBXBuildFile; fileRef = 9265297C25C802D400D1823A /* Main.storyboard */; };
		9265298025C802D600D1823A /* Assets.xcassets in Resources */ = {isa = PBXBuildFile; fileRef = 9265297F25C802D600D1823A /* Assets.xcassets */; };
		9265298325C802D600D1823A /* LaunchScreen.storyboard in Resources */ = {isa = PBXBuildFile; fileRef = 9265298125C802D600D1823A /* LaunchScreen.storyboard */; };
		9265298625C802D600D1823A /* main.m in Sources */ = {isa = PBXBuildFile; fileRef = 9265298525C802D600D1823A /* main.m */; };
		9265299325C806CE00D1823A /* ViewControllerC.m in Sources */ = {isa = PBXBuildFile; fileRef = 9265299025C806CE00D1823A /* ViewControllerC.m */; };
		9265299425C806CE00D1823A /* ViewControllerB.m in Sources */ = {isa = PBXBuildFile; fileRef = 9265299125C806CE00D1823A /* ViewControllerB.m */; };
		9265299D25C80AD200D1823A /* SLMClassCoverage.m in Sources */ = {isa = PBXBuildFile; fileRef = 9265299C25C80AD200D1823A /* SLMClassCoverage.m */; };
/* End PBXBuildFile section */

/* Begin PBXFileReference section */
		9265297025C802D400D1823A /* demo.app */ = {isa = PBXFileReference; explicitFileType = wrapper.application; includeInIndex = 0; path = demo.app; sourceTree = BUILT_PRODUCTS_DIR; };
		9265297325C802D400D1823A /* AppDelegate.h */ = {isa = PBXFileReference; lastKnownFileType = sourcecode.c.h; path = AppDelegate.h; sourceTree = "<group>"; };
		9265297425C802D400D1823A /* AppDelegate.m */ = {isa = PBXFileReference; lastKnownFileType = sourcecode.c.objc; path = AppDelegate.m; sourceTree = "<group>"; };
		9265297625C802D400D1823A /* SceneDelegate.h */ = {isa = PBXFileReference; lastKnownFileType = sourcecode.c.h; path = SceneDelegate.h; sourceTree = "<group>"; };
		9265297725C802D400D1823A /* SceneDelegate.m */ = {isa = PBXFileReference; lastKnownFileType = sourcecode.c.objc; path = SceneDelegate.m; sourceTree = "<group>"; };
		9265297925C802D400D1823A /* ViewControllerA.h */ = {isa = PBXFileReference; lastKnownFileType = sourcecode.c.h; path = ViewControllerA.h; sourceTree = "<group>"; };
		9265297A25C802D400D1823A /* ViewControllerA.m */ = {isa = PBXFileReference; lastKnownFileType = sourcecode.c.objc; path = ViewControllerA.m; sourceTree = "<group>"; };
		9265297D25C802D400D1823A /* Base */ = {isa = PBXFileReference; lastKnownFileType = file.storyboard; name = Base; path = Base.lproj/Main.storyboard; sourceTree = "<group>"; };
		9265297F25C802D600D1823A /* Assets.xcassets */ = {isa = PBXFileReference; lastKnownFileType = folder.assetcatalog; path = Assets.xcassets; sourceTree = "<group>"; };
		9265298225C802D600D1823A /* Base */ = {isa = PBXFileReference; lastKnownFileType = file.storyboard; name = Base; path = Base.lproj/LaunchScreen.storyboard; sourceTree = "<group>"; };
		9265298425C802D600D1823A /* Info.plist */ = {isa = PBXFileReference; lastKnownFileType = text.plist.xml; path = Info.plist; sourceTree = "<group>"; };
		9265298525C802D600D1823A /* main.m */ = {isa = PBXFileReference; lastKnownFileType = sourcecode.c.objc; path = main.m; sourceTree = "<group>"; };
		9265298F25C806CE00D1823A /* ViewControllerC.h */ = {isa = PBXFileReference; fileEncoding = 4; lastKnownFileType = sourcecode.c.h; path = ViewControllerC.h; sourceTree = "<group>"; };
		9265299025C806CE00D1823A /* ViewControllerC.m */ = {isa = PBXFileReference; fileEncoding = 4; lastKnownFileType = sourcecode.c.objc; path = ViewControllerC.m; sourceTree = "<group>"; };
		9265299125C806CE00D1823A /* ViewControllerB.m */ = {isa = PBXFileReference; fileEncoding = 4; lastKnownFileType = sourcecode.c.objc; path = ViewControllerB.m; sourceTree = "<group>"; };
		9265299225C806CE00D1823A /* ViewControllerB.h */ = {isa = PBXFileReference; fileEncoding = 4; lastKnownFileType = sourcecode.c.h; path = ViewControllerB.h; sourceTree = "<group>"; };
		9265299B25C80AD200D1823A /* SLMClassCoverage.h */ = {isa = PBXFileReference; fileEncoding = 4; lastKnownFileType = sourcecode.c.h; name = SLMClassCoverage.h; path = ../../SLMClassCoverage.h; sourceTree = "<group>"; };
		9265299C25C80AD200D1823A /* SLMClassCoverage.m */ = {isa = PBXFileReference; fileEncoding = 4; lastKnownFileType = sourcecode.c.objc; name = SLMClassCoverage.m; path = ../../SLMClassCoverage.m; sourceTree = "<group>"; };
/* End PBXFileReference section */

/* Begin PBXFrameworksBuildPhase section */
		9265296D25C802D400D1823A /* Frameworks */ = {
			isa = PBXFrameworksBuildPhase;
			buildActionMask = 2147483647;
			files = (
			);
			runOnlyForDeploymentPostprocessing = 0;
		};
/* End PBXFrameworksBuildPhase section */

/* Begin PBXGroup section */
		9265296725C802D400D1823A = {
			isa = PBXGroup;
			children = (
				9265297225C802D400D1823A /* demo */,
				9265297125C802D400D1823A /* Products */,
			);
			sourceTree = "<group>";
		};
		9265297125C802D400D1823A /* Products */ = {
			isa = PBXGroup;
			children = (
				9265297025C802D400D1823A /* demo.app */,
			);
			name = Products;
			sourceTree = "<group>";
		};
		9265297225C802D400D1823A /* demo */ = {
			isa = PBXGroup;
			children = (
				9265299925C80AC000D1823A /* SLMClassCoverage */,
				9265297325C802D400D1823A /* AppDelegate.h */,
				9265297425C802D400D1823A /* AppDelegate.m */,
				9265297625C802D400D1823A /* SceneDelegate.h */,
				9265297725C802D400D1823A /* SceneDelegate.m */,
				9265297925C802D400D1823A /* ViewControllerA.h */,
				9265297A25C802D400D1823A /* ViewControllerA.m */,
				9265299225C806CE00D1823A /* ViewControllerB.h */,
				9265299125C806CE00D1823A /* ViewControllerB.m */,
				9265298F25C806CE00D1823A /* ViewControllerC.h */,
				9265299025C806CE00D1823A /* ViewControllerC.m */,
				9265297C25C802D400D1823A /* Main.storyboard */,
				9265297F25C802D600D1823A /* Assets.xcassets */,
				9265298125C802D600D1823A /* LaunchScreen.storyboard */,
				9265298425C802D600D1823A /* Info.plist */,
				9265298525C802D600D1823A /* main.m */,
			);
			path = demo;
			sourceTree = "<group>";
		};
		9265299925C80AC000D1823A /* SLMClassCoverage */ = {
			isa = PBXGroup;
			children = (
				9265299B25C80AD200D1823A /* SLMClassCoverage.h */,
				9265299C25C80AD200D1823A /* SLMClassCoverage.m */,
			);
			name = SLMClassCoverage;
			sourceTree = "<group>";
		};
/* End PBXGroup section */

/* Begin PBXNativeTarget section */
		9265296F25C802D400D1823A /* demo */ = {
			isa = PBXNativeTarget;
			buildConfigurationList = 9265298925C802D600D1823A /* Build configuration list for PBXNativeTarget "demo" */;
			buildPhases = (
				9265296C25C802D400D1823A /* Sources */,
				9265296D25C802D400D1823A /* Frameworks */,
				9265296E25C802D400D1823A /* Resources */,
			);
			buildRules = (
			);
			dependencies = (
			);
			name = demo;
			productName = demo;
			productReference = 9265297025C802D400D1823A /* demo.app */;
			productType = "com.apple.product-type.application";
		};
/* End PBXNativeTarget section */

/* Begin PBXProject section */
		9265296825C802D400D1823A /* Project object */ = {
			isa = PBXProject;
			attributes = {
				LastUpgradeCheck = 1230;
				TargetAttributes = {
					9265296F25C802D400D1823A = {
						CreatedOnToolsVersion = 12.3;
					};
				};
			};
			buildConfigurationList = 9265296B25C802D400D1823A /* Build configuration list for PBXProject "demo" */;
			compatibilityVersion = "Xcode 9.3";
			developmentRegion = en;
			hasScannedForEncodings = 0;
			knownRegions = (
				en,
				Base,
			);
			mainGroup = 9265296725C802D400D1823A;
			productRefGroup = 9265297125C802D400D1823A /* Products */;
			projectDirPath = "";
			projectRoot = "";
			targets = (
				9265296F25C802D400D1823A /* demo */,
			);
		};
/* End PBXProject section */

/* Begin PBXResourcesBuildPhase section */
		9265296E25C802D400D1823A /* Resources */ = {
			isa = PBXResourcesBuildPhase;
			buildActionMask = 2147483647;
			files = (
				9265298325C802D600D1823A /* LaunchScreen.storyboard in Resources */,
				9265298025C802D600D1823A /* Assets.xcassets in Resources */,
				9265297E25C802D400D1823A /* Main.storyboard in Resources */,
			);
			runOnlyForDeploymentPostprocessing = 0;
		};
/* End PBXResourcesBuildPhase section */

/* Begin PBXSourcesBuildPhase section */
		9265296C25C802D400D1823A /* Sources */ = {
			isa = PBXSourcesBuildPhase;
			buildActionMask = 2147483647;
			files = (
				9265297B25C802D400D1823A /* ViewControllerA.m in Sources */,
				9265299325C806CE00D1823A /* ViewControllerC.m in Sources */,
				9265299D25C80AD200D1823A /* SLMClassCoverage.m in Sources */,
				9265297525C802D400D1823A /* AppDelegate.m in Sources */,
				9265298625C802D600D1823A /* main.m in Sources */,
				9265297825C802D400D1823A /* SceneDelegate.m in Sources */,
				9265299425C806CE00D1823A /* ViewControllerB.m in Sources */,
			);
			runOnlyForDeploymentPostprocessing = 0;
		};
/* End PBXSourcesBuildPhase section */

/* Begin PBXVariantGroup section */
		9265297C25C802D400D1823A /* Main.storyboard */ = {
			isa = PBXVariantGroup;
			children = (
				9265297D25C802D400D1823A /* Base */,
			);
			name = Main.storyboard;
			sourceTree = "<group>";
		};
		9265298125C802D600D1823A /* LaunchScreen.storyboard */ = {
			isa = PBXVariantGroup;
			children = (
				9265298225C802D600D1823A /* Base */,
			);
			name = LaunchScreen.storyboard;
			sourceTree = "<group>";
		};
/* End PBXVariantGroup section */

/* Begin XCBuildConfiguration section */
		9265298725C802D600D1823A /* Debug */ = {
			isa = XCBuildConfiguration;
			buildSettings = {
				ALWAYS_SEARCH_USER_PATHS = NO;
				CLANG_ANALYZER_NONNULL = YES;
				CLANG_ANALYZER_NUMBER_OBJECT_CONVERSION = YES_AGGRESSIVE;
				CLANG_CXX_LANGUAGE_STANDARD = "gnu++14";
				CLANG_CXX_LIBRARY = "libc++";
				CLANG_ENABLE_MODULES = YES;
				CLANG_ENABLE_OBJC_ARC = YES;
				CLANG_ENABLE_OBJC_WEAK = YES;
				CLANG_WARN_BLOCK_CAPTURE_AUTORELEASING = YES;
				CLANG_WARN_BOOL_CONVERSION = YES;
				CLANG_WARN_COMMA = YES;
				CLANG_WARN_CONSTANT_CONVERSION = YES;
				CLANG_WARN_DEPRECATED_OBJC_IMPLEMENTATIONS = YES;
				CLANG_WARN_DIRECT_OBJC_ISA_USAGE = YES_ERROR;
				CLANG_WARN_DOCUMENTATION_COMMENTS = YES;
				CLANG_WARN_EMPTY_BODY = YES;
				CLANG_WARN_ENUM_CONVERSION = YES;
				CLANG_WARN_INFINITE_RECURSION = YES;
				CLANG_WARN_INT_CONVERSION = YES;
				CLANG_WARN_NON_LITERAL_NULL_CONVERSION = YES;
				CLANG_WARN_OBJC_IMPLICIT_RETAIN_SELF = YES;
				CLANG_WARN_OBJC_LITERAL_CONVERSION = YES;
				CLANG_WARN_OBJC_ROOT_CLASS = YES_ERROR;
				CLANG_WARN_QUOTED_INCLUDE_IN_FRAMEWORK_HEADER = YES;
				CLANG_WARN_RANGE_LOOP_ANALYSIS = YES;
				CLANG_WARN_STRICT_PROTOTYPES = YES;
				CLANG_WARN_SUSPICIOUS_MOVE = YES;
				CLANG_WARN_UNGUARDED_AVAILABILITY = YES_AGGRESSIVE;
				CLANG_WARN_UNREACHABLE_CODE = YES;
				CLANG_WARN__DUPLICATE_METHOD_MATCH = YES;
				COPY_PHASE_STRIP = NO;
				DEBUG_INFORMATION_FORMAT = dwarf;
				ENABLE_STRICT_OBJC_MSGSEND = YES;
				ENABLE_TESTABILITY = YES;
				GCC_C_LANGUAGE_STANDARD = gnu11;
				GCC_DYNAMIC_NO_PIC = NO;
				GCC_NO_COMMON_BLOCKS = YES;
				GCC_OPTIMIZATION_LEVEL = 0;
				GCC_PREPROCESSOR_DEFINITIONS = (
					"DEBUG=1",
					"$(inherited)",
				);
				GCC_WARN_64_TO_32_BIT_CONVERSION = YES;
				GCC_WARN_ABOUT_RETURN_TYPE = YES_ERROR;
				GCC_WARN_UNDECLARED_SELECTOR = YES;
				GCC_WARN_UNINITIALIZED_AUTOS = YES_AGGRESSIVE;
				GCC_WARN_UNUSED_FUNCTION = YES;
				GCC_WARN_UNUSED_VARIABLE = YES;
				IPHONEOS_DEPLOYMENT_TARGET = 14.0;
				MTL_ENABLE_DEBUG_INFO = INCLUDE_SOURCE;
				MTL_FAST_MATH = YES;
				ONLY_ACTIVE_ARCH = YES;
				SDKROOT = iphoneos;
			};
			name = Debug;
		};
		9265298825C802D600D1823A /* Release */ = {
			isa = XCBuildConfiguration;
			buildSettings = {
				ALWAYS_SEARCH_USER_PATHS = NO;
				CLANG_ANALYZER_NONNULL = YES;
				CLANG_ANALYZER_NUMBER_OBJECT_CONVERSION = YES_AGGRESSIVE;
				CLANG_CXX_LANGUAGE_STANDARD = "gnu++14";
				CLANG_CXX_LIBRARY = "libc++";
				CLANG_ENABLE_MODULES = YES;
				CLANG_ENABLE_OBJC_ARC = YES;
				CLANG_ENABLE_OBJC_WEAK = YES;
				CLANG_WARN_BLOCK_CAPTURE_AUTORELEASING = YES;
				CLANG_WARN_BOOL_CONVERSION = YES;
				CLANG_WARN_COMMA = YES;
				CLANG_WARN_CONSTANT_CONVERSION = YES;
				CLANG_WARN_DEPRECATED_OBJC_IMPLEMENTATIONS = YES;
				CLANG_WARN_DIRECT_OBJC_ISA_USAGE = YES_ERROR;
				CLANG_WARN_DOCUMENTATION_COMMENTS = YES;
				CLANG_WARN_EMPTY_BODY = YES;
				CLANG_WARN_ENUM_CONVERSION = YES;
				CLANG_WARN_INFINITE_RECURSION = YES;
				CLANG_WARN_INT_CONVERSION = YES;
				CLANG_WARN_NON_LITERAL_NULL_CONVERSION = YES;
				CLANG_WARN_OBJC_IMPLICIT_RETAIN_SELF = YES;
				CLANG_WARN_OBJC_LITERAL_CONVERSION = YES;
				CLANG_WARN_OBJC_ROOT_CLASS = YES_ERROR;
				CLANG_WARN_QUOTED_INCLUDE_IN_FRAMEWORK_HEADER = YES;
				CLANG_WARN_RANGE_LOOP_ANALYSIS = YES;
				CLANG_WARN_STRICT_PROTOTYPES = YES;
				CLANG_WARN_SUSPICIOUS_MOVE = YES;
				CLANG_WARN_UNGUARDED_AVAILABILITY = YES_AGGRESSIVE;
				CLANG_WARN_UNREACHABLE_CODE = YES;
				CLANG_WARN__DUPLICATE_METHOD_MATCH = YES;
				COPY_PHASE_STRIP = NO;
				DEBUG_INFORMATION_FORMAT = "dwarf-with-dsym";
				ENABLE_NS_ASSERTIONS = NO;
				ENABLE_STRICT_OBJC_MSGSEND = YES;
				GCC_C_LANGUAGE_STANDARD = gnu11;
				GCC_NO_COMMON_BLOCKS = YES;
				GCC_WARN_64_TO_32_BIT_CONVERSION = YES;
				GCC_WARN_ABOUT_RETURN_TYPE = YES_ERROR;
				GCC_WARN_UNDECLARED_SELECTOR = YES;
				GCC_WARN_UNINITIALIZED_AUTOS = YES_AGGRESSIVE;
				GCC_WARN_UNUSED_FUNCTION = YES;
				GCC_WARN_UNUSED_VARIABLE = YES;
				IPHONEOS_DEPLOYMENT_TARGET = 14.0;
				MTL_ENABLE_DEBUG_INFO = NO;
				MTL_FAST_MATH = YES;
				SDKROOT = iphoneos;
				VALIDATE_PRODUCT = YES;
			};
			name = Release;
		};
		9265298A25C802D600D1823A /* Debug */ = {
			isa = XCBuildConfiguration;
			buildSettings = {
				ASSETCATALOG_COMPILER_APPICON_NAME = AppIcon;
				ASSETCATALOG_COMPILER_GLOBAL_ACCENT_COLOR_NAME = AccentColor;
				CODE_SIGN_STYLE = Automatic;
				CURRENT_PROJECT_VERSION = 1;
				INFOPLIST_FILE = demo/Info.plist;
				IPHONEOS_DEPLOYMENT_TARGET = 14.0;
				LD_RUNPATH_SEARCH_PATHS = (
					"$(inherited)",
					"@executable_path/Frameworks",
				);
				MARKETING_VERSION = 1.0;
				PRODUCT_BUNDLE_IDENTIFIER = com.harrisonxi.demo;
				PRODUCT_NAME = "$(TARGET_NAME)";
				TARGETED_DEVICE_FAMILY = "1,2";
			};
			name = Debug;
		};
		9265298B25C802D600D1823A /* Release */ = {
			isa = XCBuildConfiguration;
			buildSettings = {
				ASSETCATALOG_COMPILER_APPICON_NAME = AppIcon;
				ASSETCATALOG_COMPILER_GLOBAL_ACCENT_COLOR_NAME = AccentColor;
				CODE_SIGN_STYLE = Automatic;
				CURRENT_PROJECT_VERSION = 1;
				INFOPLIST_FILE = demo/Info.plist;
				IPHONEOS_DEPLOYMENT_TARGET = 14.0;
				LD_RUNPATH_SEARCH_PATHS = (
					"$(inherited)",
					"@executable_path/Frameworks",
				);
				MARKETING_VERSION = 1.0;
				PRODUCT_BUNDLE_IDENTIFIER = com.harrisonxi.demo;
				PRODUCT_NAME = "$(TARGET_NAME)";
				TARGETED_DEVICE_FAMILY = "1,2";
			};
			name = Release;
		};
/* End XCBuildConfiguration section */

/* Begin XCConfigurationList section */
		9265296B25C802D400D1823A /* Build configuration list for PBXProject "demo" */ = {
			isa = XCConfigurationList;
			buildConfigurations = (
				9265298725C802D600D1823A /* Debug */,
				9265298825C802D600D1823A /* Release */,
			);
			defaultConfigurationIsVisible = 0;
			defaultConfigurationName = Release;
		};
		9265298925C802D600D1823A /* Build configuration list for PBXNativeTarget "demo" */ = {
			isa = XCConfigurationList;
			buildConfigurations = (
				9265298A25C802D600D1823A /* Debug */,
				9265298B25C802D600D1823A /* Release */,
			);
			defaultConfigurationIsVisible = 0;
			defaultConfigurationName = Release;
		};
/* End XCConfigurationList section */
	};
	rootObject = 9265296825C802D400D1823A /* Project object */;
}
